// !$*UTF8*$!
{
	archiveVersion = 1;
	classes = {
	};
	objectVersion = 50;
	objects = {

/* Begin PBXBuildFile section */
		90E1BAED21BAF99500948811 /* TheList.xcdatamodeld in Sources */ = {isa = PBXBuildFile; fileRef = 90E1BAEB21BAF99500948811 /* TheList.xcdatamodeld */; };
		90E1BAEF21BAF9C500948811 /* TheList+Convenience.swift in Sources */ = {isa = PBXBuildFile; fileRef = 90E1BAEE21BAF9C500948811 /* TheList+Convenience.swift */; };
		90ECF01821BAD20500FE7E6A /* AppDelegate.swift in Sources */ = {isa = PBXBuildFile; fileRef = 90ECF01721BAD20500FE7E6A /* AppDelegate.swift */; };
		90ECF01D21BAD20500FE7E6A /* Main.storyboard in Resources */ = {isa = PBXBuildFile; fileRef = 90ECF01B21BAD20500FE7E6A /* Main.storyboard */; };
		90ECF01F21BAD20700FE7E6A /* Assets.xcassets in Resources */ = {isa = PBXBuildFile; fileRef = 90ECF01E21BAD20700FE7E6A /* Assets.xcassets */; };
		90ECF02221BAD20700FE7E6A /* LaunchScreen.storyboard in Resources */ = {isa = PBXBuildFile; fileRef = 90ECF02021BAD20700FE7E6A /* LaunchScreen.storyboard */; };
		90ECF02F21BAD2DE00FE7E6A /* ListTableViewCell.swift in Sources */ = {isa = PBXBuildFile; fileRef = 90ECF02E21BAD2DE00FE7E6A /* ListTableViewCell.swift */; };
		90ECF03721BAD3D700FE7E6A /* ListTableViewController.swift in Sources */ = {isa = PBXBuildFile; fileRef = 90ECF03621BAD3D700FE7E6A /* ListTableViewController.swift */; };
		90ECF03B21BAD47400FE7E6A /* CoredataStack.swift in Sources */ = {isa = PBXBuildFile; fileRef = 90ECF03A21BAD47400FE7E6A /* CoredataStack.swift */; };
		90ECF03D21BAD72C00FE7E6A /* ListController.swift in Sources */ = {isa = PBXBuildFile; fileRef = 90ECF03C21BAD72C00FE7E6A /* ListController.swift */; };
/* End PBXBuildFile section */

/* Begin PBXFileReference section */
		90E1BAEC21BAF99500948811 /* TheList.xcdatamodel */ = {isa = PBXFileReference; lastKnownFileType = wrapper.xcdatamodel; path = TheList.xcdatamodel; sourceTree = "<group>"; };
		90E1BAEE21BAF9C500948811 /* TheList+Convenience.swift */ = {isa = PBXFileReference; lastKnownFileType = sourcecode.swift; path = "TheList+Convenience.swift"; sourceTree = "<group>"; };
		90ECF01421BAD20500FE7E6A /* List.app */ = {isa = PBXFileReference; explicitFileType = wrapper.application; includeInIndex = 0; path = List.app; sourceTree = BUILT_PRODUCTS_DIR; };
		90ECF01721BAD20500FE7E6A /* AppDelegate.swift */ = {isa = PBXFileReference; lastKnownFileType = sourcecode.swift; path = AppDelegate.swift; sourceTree = "<group>"; };
		90ECF01C21BAD20500FE7E6A /* Base */ = {isa = PBXFileReference; lastKnownFileType = file.storyboard; name = Base; path = Base.lproj/Main.storyboard; sourceTree = "<group>"; };
		90ECF01E21BAD20700FE7E6A /* Assets.xcassets */ = {isa = PBXFileReference; lastKnownFileType = folder.assetcatalog; path = Assets.xcassets; sourceTree = "<group>"; };
		90ECF02121BAD20700FE7E6A /* Base */ = {isa = PBXFileReference; lastKnownFileType = file.storyboard; name = Base; path = Base.lproj/LaunchScreen.storyboard; sourceTree = "<group>"; };
		90ECF02321BAD20700FE7E6A /* Info.plist */ = {isa = PBXFileReference; lastKnownFileType = text.plist.xml; path = Info.plist; sourceTree = "<group>"; };
		90ECF02E21BAD2DE00FE7E6A /* ListTableViewCell.swift */ = {isa = PBXFileReference; lastKnownFileType = sourcecode.swift; path = ListTableViewCell.swift; sourceTree = "<group>"; };
		90ECF03621BAD3D700FE7E6A /* ListTableViewController.swift */ = {isa = PBXFileReference; lastKnownFileType = sourcecode.swift; path = ListTableViewController.swift; sourceTree = "<group>"; };
		90ECF03A21BAD47400FE7E6A /* CoredataStack.swift */ = {isa = PBXFileReference; lastKnownFileType = sourcecode.swift; path = CoredataStack.swift; sourceTree = "<group>"; };
		90ECF03C21BAD72C00FE7E6A /* ListController.swift */ = {isa = PBXFileReference; lastKnownFileType = sourcecode.swift; path = ListController.swift; sourceTree = "<group>"; };
/* End PBXFileReference section */

/* Begin PBXFrameworksBuildPhase section */
		90ECF01121BAD20500FE7E6A /* Frameworks */ = {
			isa = PBXFrameworksBuildPhase;
			buildActionMask = 2147483647;
			files = (
			);
			runOnlyForDeploymentPostprocessing = 0;
		};
/* End PBXFrameworksBuildPhase section */

/* Begin PBXGroup section */
		90ECF00B21BAD20500FE7E6A = {
			isa = PBXGroup;
			children = (
				90ECF01621BAD20500FE7E6A /* Shopping List */,
				90ECF01521BAD20500FE7E6A /* Products */,
			);
			sourceTree = "<group>";
		};
		90ECF01521BAD20500FE7E6A /* Products */ = {
			isa = PBXGroup;
			children = (
				90ECF01421BAD20500FE7E6A /* List.app */,
			);
			name = Products;
			sourceTree = "<group>";
		};
		90ECF01621BAD20500FE7E6A /* Shopping List */ = {
			isa = PBXGroup;
			children = (
				90ECF02B21BAD25C00FE7E6A /* Model */,
				90ECF02A21BAD25A00FE7E6A /* Controller */,
				90ECF02921BAD25400FE7E6A /* View */,
				90ECF01721BAD20500FE7E6A /* AppDelegate.swift */,
				90ECF01B21BAD20500FE7E6A /* Main.storyboard */,
				90ECF01E21BAD20700FE7E6A /* Assets.xcassets */,
				90ECF02021BAD20700FE7E6A /* LaunchScreen.storyboard */,
				90ECF02321BAD20700FE7E6A /* Info.plist */,
			);
			path = "Shopping List";
			sourceTree = "<group>";
		};
		90ECF02921BAD25400FE7E6A /* View */ = {
			isa = PBXGroup;
			children = (
				90ECF02E21BAD2DE00FE7E6A /* ListTableViewCell.swift */,
			);
			path = View;
			sourceTree = "<group>";
		};
		90ECF02A21BAD25A00FE7E6A /* Controller */ = {
			isa = PBXGroup;
			children = (
				90ECF02D21BAD26600FE7E6A /* ModelController */,
				90ECF02C21BAD25F00FE7E6A /* ViewController */,
			);
			path = Controller;
			sourceTree = "<group>";
		};
		90ECF02B21BAD25C00FE7E6A /* Model */ = {
			isa = PBXGroup;
			children = (
				90ECF03A21BAD47400FE7E6A /* CoredataStack.swift */,
				90E1BAEB21BAF99500948811 /* TheList.xcdatamodeld */,
				90E1BAEE21BAF9C500948811 /* TheList+Convenience.swift */,
			);
			path = Model;
			sourceTree = "<group>";
		};
		90ECF02C21BAD25F00FE7E6A /* ViewController */ = {
			isa = PBXGroup;
			children = (
				90ECF03621BAD3D700FE7E6A /* ListTableViewController.swift */,
			);
			name = ViewController;
			sourceTree = "<group>";
		};
		90ECF02D21BAD26600FE7E6A /* ModelController */ = {
			isa = PBXGroup;
			children = (
				90ECF03C21BAD72C00FE7E6A /* ListController.swift */,
			);
			name = ModelController;
			sourceTree = "<group>";
		};
/* End PBXGroup section */

/* Begin PBXNativeTarget section */
		90ECF01321BAD20500FE7E6A /* List */ = {
			isa = PBXNativeTarget;
			buildConfigurationList = 90ECF02621BAD20700FE7E6A /* Build configuration list for PBXNativeTarget "List" */;
			buildPhases = (
				90ECF01021BAD20500FE7E6A /* Sources */,
				90ECF01121BAD20500FE7E6A /* Frameworks */,
				90ECF01221BAD20500FE7E6A /* Resources */,
			);
			buildRules = (
			);
			dependencies = (
			);
			name = List;
			productName = "Shopping List";
			productReference = 90ECF01421BAD20500FE7E6A /* List.app */;
			productType = "com.apple.product-type.application";
		};
/* End PBXNativeTarget section */

/* Begin PBXProject section */
		90ECF00C21BAD20500FE7E6A /* Project object */ = {
			isa = PBXProject;
			attributes = {
				LastSwiftUpdateCheck = 1010;
				LastUpgradeCheck = 1010;
				ORGANIZATIONNAME = "Greg Hughes";
				TargetAttributes = {
					90ECF01321BAD20500FE7E6A = {
						CreatedOnToolsVersion = 10.1;
					};
				};
			};
			buildConfigurationList = 90ECF00F21BAD20500FE7E6A /* Build configuration list for PBXProject "List" */;
			compatibilityVersion = "Xcode 9.3";
			developmentRegion = en;
			hasScannedForEncodings = 0;
			knownRegions = (
				en,
				Base,
			);
			mainGroup = 90ECF00B21BAD20500FE7E6A;
			productRefGroup = 90ECF01521BAD20500FE7E6A /* Products */;
			projectDirPath = "";
			projectRoot = "";
			targets = (
				90ECF01321BAD20500FE7E6A /* List */,
			);
		};
/* End PBXProject section */

/* Begin PBXResourcesBuildPhase section */
		90ECF01221BAD20500FE7E6A /* Resources */ = {
			isa = PBXResourcesBuildPhase;
			buildActionMask = 2147483647;
			files = (
				90ECF02221BAD20700FE7E6A /* LaunchScreen.storyboard in Resources */,
				90ECF01F21BAD20700FE7E6A /* Assets.xcassets in Resources */,
				90ECF01D21BAD20500FE7E6A /* Main.storyboard in Resources */,
			);
			runOnlyForDeploymentPostprocessing = 0;
		};
/* End PBXResourcesBuildPhase section */

/* Begin PBXSourcesBuildPhase section */
		90ECF01021BAD20500FE7E6A /* Sources */ = {
			isa = PBXSourcesBuildPhase;
			buildActionMask = 2147483647;
			files = (
				90ECF03D21BAD72C00FE7E6A /* ListController.swift in Sources */,
				90E1BAEF21BAF9C500948811 /* TheList+Convenience.swift in Sources */,
				90ECF01821BAD20500FE7E6A /* AppDelegate.swift in Sources */,
				90ECF02F21BAD2DE00FE7E6A /* ListTableViewCell.swift in Sources */,
				90ECF03721BAD3D700FE7E6A /* ListTableViewController.swift in Sources */,
				90ECF03B21BAD47400FE7E6A /* CoredataStack.swift in Sources */,
				90E1BAED21BAF99500948811 /* TheList.xcdatamodeld in Sources */,
			);
			runOnlyForDeploymentPostprocessing = 0;
		};
/* End PBXSourcesBuildPhase section */

/* Begin PBXVariantGroup section */
		90ECF01B21BAD20500FE7E6A /* Main.storyboard */ = {
			isa = PBXVariantGroup;
			children = (
				90ECF01C21BAD20500FE7E6A /* Base */,
			);
			name = Main.storyboard;
			sourceTree = "<group>";
		};
		90ECF02021BAD20700FE7E6A /* LaunchScreen.storyboard */ = {
			isa = PBXVariantGroup;
			children = (
				90ECF02121BAD20700FE7E6A /* Base */,
			);
			name = LaunchScreen.storyboard;
			sourceTree = "<group>";
		};
/* End PBXVariantGroup section */

/* Begin XCBuildConfiguration section */
		90ECF02421BAD20700FE7E6A /* Debug */ = {
			isa = XCBuildConfiguration;
			buildSettings = {
				ALWAYS_SEARCH_USER_PATHS = NO;
				CLANG_ANALYZER_NONNULL = YES;
				CLANG_ANALYZER_NUMBER_OBJECT_CONVERSION = YES_AGGRESSIVE;
				CLANG_CXX_LANGUAGE_STANDARD = "gnu++14";
				CLANG_CXX_LIBRARY = "libc++";
				CLANG_ENABLE_MODULES = YES;
				CLANG_ENABLE_OBJC_ARC = YES;
				CLANG_ENABLE_OBJC_WEAK = YES;
				CLANG_WARN_BLOCK_CAPTURE_AUTORELEASING = YES;
				CLANG_WARN_BOOL_CONVERSION = YES;
				CLANG_WARN_COMMA = YES;
				CLANG_WARN_CONSTANT_CONVERSION = YES;
				CLANG_WARN_DEPRECATED_OBJC_IMPLEMENTATIONS = YES;
				CLANG_WARN_DIRECT_OBJC_ISA_USAGE = YES_ERROR;
				CLANG_WARN_DOCUMENTATION_COMMENTS = YES;
				CLANG_WARN_EMPTY_BODY = YES;
				CLANG_WARN_ENUM_CONVERSION = YES;
				CLANG_WARN_INFINITE_RECURSION = YES;
				CLANG_WARN_INT_CONVERSION = YES;
				CLANG_WARN_NON_LITERAL_NULL_CONVERSION = YES;
				CLANG_WARN_OBJC_IMPLICIT_RETAIN_SELF = YES;
				CLANG_WARN_OBJC_LITERAL_CONVERSION = YES;
				CLANG_WARN_OBJC_ROOT_CLASS = YES_ERROR;
				CLANG_WARN_RANGE_LOOP_ANALYSIS = YES;
				CLANG_WARN_STRICT_PROTOTYPES = YES;
				CLANG_WARN_SUSPICIOUS_MOVE = YES;
				CLANG_WARN_UNGUARDED_AVAILABILITY = YES_AGGRESSIVE;
				CLANG_WARN_UNREACHABLE_CODE = YES;
				CLANG_WARN__DUPLICATE_METHOD_MATCH = YES;
				CODE_SIGN_IDENTITY = "iPhone Developer";
				COPY_PHASE_STRIP = NO;
				DEBUG_INFORMATION_FORMAT = dwarf;
				ENABLE_STRICT_OBJC_MSGSEND = YES;
				ENABLE_TESTABILITY = YES;
				GCC_C_LANGUAGE_STANDARD = gnu11;
				GCC_DYNAMIC_NO_PIC = NO;
				GCC_NO_COMMON_BLOCKS = YES;
				GCC_OPTIMIZATION_LEVEL = 0;
				GCC_PREPROCESSOR_DEFINITIONS = (
					"DEBUG=1",
					"$(inherited)",
				);
				GCC_WARN_64_TO_32_BIT_CONVERSION = YES;
				GCC_WARN_ABOUT_RETURN_TYPE = YES_ERROR;
				GCC_WARN_UNDECLARED_SELECTOR = YES;
				GCC_WARN_UNINITIALIZED_AUTOS = YES_AGGRESSIVE;
				GCC_WARN_UNUSED_FUNCTION = YES;
				GCC_WARN_UNUSED_VARIABLE = YES;
				IPHONEOS_DEPLOYMENT_TARGET = 12.1;
				MTL_ENABLE_DEBUG_INFO = INCLUDE_SOURCE;
				MTL_FAST_MATH = YES;
				ONLY_ACTIVE_ARCH = YES;
				SDKROOT = iphoneos;
				SWIFT_ACTIVE_COMPILATION_CONDITIONS = DEBUG;
				SWIFT_OPTIMIZATION_LEVEL = "-Onone";
			};
			name = Debug;
		};
		90ECF02521BAD20700FE7E6A /* Release */ = {
			isa = XCBuildConfiguration;
			buildSettings = {
				ALWAYS_SEARCH_USER_PATHS = NO;
				CLANG_ANALYZER_NONNULL = YES;
				CLANG_ANALYZER_NUMBER_OBJECT_CONVERSION = YES_AGGRESSIVE;
				CLANG_CXX_LANGUAGE_STANDARD = "gnu++14";
				CLANG_CXX_LIBRARY = "libc++";
				CLANG_ENABLE_MODULES = YES;
				CLANG_ENABLE_OBJC_ARC = YES;
				CLANG_ENABLE_OBJC_WEAK = YES;
				CLANG_WARN_BLOCK_CAPTURE_AUTORELEASING = YES;
				CLANG_WARN_BOOL_CONVERSION = YES;
				CLANG_WARN_COMMA = YES;
				CLANG_WARN_CONSTANT_CONVERSION = YES;
				CLANG_WARN_DEPRECATED_OBJC_IMPLEMENTATIONS = YES;
				CLANG_WARN_DIRECT_OBJC_ISA_USAGE = YES_ERROR;
				CLANG_WARN_DOCUMENTATION_COMMENTS = YES;
				CLANG_WARN_EMPTY_BODY = YES;
				CLANG_WARN_ENUM_CONVERSION = YES;
				CLANG_WARN_INFINITE_RECURSION = YES;
				CLANG_WARN_INT_CONVERSION = YES;
				CLANG_WARN_NON_LITERAL_NULL_CONVERSION = YES;
				CLANG_WARN_OBJC_IMPLICIT_RETAIN_SELF = YES;
				CLANG_WARN_OBJC_LITERAL_CONVERSION = YES;
				CLANG_WARN_OBJC_ROOT_CLASS = YES_ERROR;
				CLANG_WARN_RANGE_LOOP_ANALYSIS = YES;
				CLANG_WARN_STRICT_PROTOTYPES = YES;
				CLANG_WARN_SUSPICIOUS_MOVE = YES;
				CLANG_WARN_UNGUARDED_AVAILABILITY = YES_AGGRESSIVE;
				CLANG_WARN_UNREACHABLE_CODE = YES;
				CLANG_WARN__DUPLICATE_METHOD_MATCH = YES;
				CODE_SIGN_IDENTITY = "iPhone Developer";
				COPY_PHASE_STRIP = NO;
				DEBUG_INFORMATION_FORMAT = "dwarf-with-dsym";
				ENABLE_NS_ASSERTIONS = NO;
				ENABLE_STRICT_OBJC_MSGSEND = YES;
				GCC_C_LANGUAGE_STANDARD = gnu11;
				GCC_NO_COMMON_BLOCKS = YES;
				GCC_WARN_64_TO_32_BIT_CONVERSION = YES;
				GCC_WARN_ABOUT_RETURN_TYPE = YES_ERROR;
				GCC_WARN_UNDECLARED_SELECTOR = YES;
				GCC_WARN_UNINITIALIZED_AUTOS = YES_AGGRESSIVE;
				GCC_WARN_UNUSED_FUNCTION = YES;
				GCC_WARN_UNUSED_VARIABLE = YES;
				IPHONEOS_DEPLOYMENT_TARGET = 12.1;
				MTL_ENABLE_DEBUG_INFO = NO;
				MTL_FAST_MATH = YES;
				SDKROOT = iphoneos;
				SWIFT_COMPILATION_MODE = wholemodule;
				SWIFT_OPTIMIZATION_LEVEL = "-O";
				VALIDATE_PRODUCT = YES;
			};
			name = Release;
		};
		90ECF02721BAD20700FE7E6A /* Debug */ = {
			isa = XCBuildConfiguration;
			buildSettings = {
				ASSETCATALOG_COMPILER_APPICON_NAME = AppIcon;
				CODE_SIGN_STYLE = Automatic;
				DEVELOPMENT_TEAM = 57FTCZV5HS;
				INFOPLIST_FILE = "Shopping List/Info.plist";
				LD_RUNPATH_SEARCH_PATHS = (
					"$(inherited)",
					"@executable_path/Frameworks",
				);
				PRODUCT_BUNDLE_IDENTIFIER = com.greghughes.List;
				PRODUCT_NAME = "$(TARGET_NAME)";
				SWIFT_VERSION = 4.2;
				TARGETED_DEVICE_FAMILY = "1,2";
			};
			name = Debug;
		};
		90ECF02821BAD20700FE7E6A /* Release */ = {
			isa = XCBuildConfiguration;
			buildSettings = {
				ASSETCATALOG_COMPILER_APPICON_NAME = AppIcon;
				CODE_SIGN_STYLE = Automatic;
				DEVELOPMENT_TEAM = 57FTCZV5HS;
				INFOPLIST_FILE = "Shopping List/Info.plist";
				LD_RUNPATH_SEARCH_PATHS = (
					"$(inherited)",
					"@executable_path/Frameworks",
				);
				PRODUCT_BUNDLE_IDENTIFIER = com.greghughes.List;
				PRODUCT_NAME = "$(TARGET_NAME)";
				SWIFT_VERSION = 4.2;
				TARGETED_DEVICE_FAMILY = "1,2";
			};
			name = Release;
		};
/* End XCBuildConfiguration section */

/* Begin XCConfigurationList section */
		90ECF00F21BAD20500FE7E6A /* Build configuration list for PBXProject "List" */ = {
			isa = XCConfigurationList;
			buildConfigurations = (
				90ECF02421BAD20700FE7E6A /* Debug */,
				90ECF02521BAD20700FE7E6A /* Release */,
			);
			defaultConfigurationIsVisible = 0;
			defaultConfigurationName = Release;
		};
		90ECF02621BAD20700FE7E6A /* Build configuration list for PBXNativeTarget "List" */ = {
			isa = XCConfigurationList;
			buildConfigurations = (
				90ECF02721BAD20700FE7E6A /* Debug */,
				90ECF02821BAD20700FE7E6A /* Release */,
			);
			defaultConfigurationIsVisible = 0;
			defaultConfigurationName = Release;
		};
/* End XCConfigurationList section */

/* Begin XCVersionGroup section */
		90E1BAEB21BAF99500948811 /* TheList.xcdatamodeld */ = {
			isa = XCVersionGroup;
			children = (
				90E1BAEC21BAF99500948811 /* TheList.xcdatamodel */,
			);
			currentVersion = 90E1BAEC21BAF99500948811 /* TheList.xcdatamodel */;
			path = TheList.xcdatamodeld;
			sourceTree = "<group>";
			versionGroupType = wrapper.xcdatamodel;
		};
/* End XCVersionGroup section */
	};
	rootObject = 90ECF00C21BAD20500FE7E6A /* Project object */;
}
